{
  "name": "@open-e2ee/design",
  "version": "0.11.0",
  "lockfileVersion": 3,
  "requires": true,
  "packages": {
    "": {
      "name": "@open-e2ee/design",
      "version": "0.11.0",
      "license": "Apache-2.0",
      "dependencies": {
        "@fontsource-variable/jetbrains-mono": "5.3.0",
        "@fontsource-variable/newsreader": "5.3.0",
        "@fontsource-variable/public-sans": "5.3.0"
      },
      "bin": {
        "oe-design": "packages/design/bin/oe-design.mjs"
      },
      "engines": {
        "node": ">=22"
      }
    },
    "node_modules/@fontsource-variable/jetbrains-mono": {
      "version": "5.3.0",
      "resolved": "https://registry.npmjs.org/@fontsource-variable/jetbrains-mono/-/jetbrains-mono-5.3.0.tgz",
      "integrity": "sha512-F32xpS2NsGYoQi2ADSkKTgpJj7ozajsGgDJ8woTnqjmIB+dxDIqImjl4pXZVEExu8UFZ2ndhmX18EBS/hdz3Lw==",
      "license": "OFL-1.1",
      "funding": {
        "url": "https://github.com/sponsors/ayuhito"
      }
    },
    "node_modules/@fontsource-variable/newsreader": {
      "version": "5.3.0",
      "resolved": "https://registry.npmjs.org/@fontsource-variable/newsreader/-/newsreader-5.3.0.tgz",
      "integrity": "sha512-rrzYi43qMpbzwuFtf9OkWH8sxAPVPcQQQEwXpPtwaKYeJ8yVg5aLs5kawmo1f2Q1t1M38TLmEKCkGVDsYwgdFw==",
      "license": "OFL-1.1",
      "funding": {
        "url": "https://github.com/sponsors/ayuhito"
      }
    },
    "node_modules/@fontsource-variable/public-sans": {
      "version": "5.3.0",
      "resolved": "https://registry.npmjs.org/@fontsource-variable/public-sans/-/public-sans-5.3.0.tgz",
      "integrity": "sha512-AVfkmAt50BMXWpOO21FAntiJFKGX6xTc2dSL8dxtDteONe9IuRXJWGbs0EbG955vAMCq23ENeuopuW87cGWDSQ==",
      "license": "OFL-1.1",
      "funding": {
        "url": "https://github.com/sponsors/ayuhito"
      }
    }
  }
}
